version = 1
revision = 1
requires-python = ">=3.7"

[[package]]
name = "epub-convert"
version = "0.1.0"
source = { virtual = "." }
dependencies = [
    { name = "opencc" },
]

[package.metadata]
requires-dist = [{ name = "opencc", specifier = ">=1.1.9" }]

[[package]]
name = "opencc"
version = "1.1.9"
source = { registry = "https://pypi.org/simple" }
sdist = { url = "https://files.pythonhosted.org/packages/e6/a2/0e86df1284143c389a3a6e33b159394da34b500a62b2b9c918949a2e6438/opencc-1.1.9.tar.gz", hash = "sha256:8ad72283732951303390fae33a1ceda98ac9b03368a8f2912edc934d74077e4a", size = 3409025 }
wheels = [
    { url = "https://files.pythonhosted.org/packages/df/d0/e17c4251f7981d5b5f5b6250e6a282170b57fe4a188b8966c1978c16fb5b/OpenCC-1.1.9-cp310-cp310-macosx_10_9_x86_64.whl", hash = "sha256:a33941dd4cb67457e6f44dfe36dddc30a602363a4f6a29b41d79b062b332c094", size = 1481497 },
    { url = "https://files.pythonhosted.org/packages/48/dd/9cf7897483f530a174b626e06d1ff3b0d074541547f84b2e221755311ea6/OpenCC-1.1.9-cp310-cp310-manylinux2014_x86_64.whl", hash = "sha256:92769f9a60301574c73096f9ab8a9060fe0d13a9f8266735d82a2a3a92adbd26", size = 1653097 },
    { url = "https://files.pythonhosted.org/packages/47/08/f311ac5422ddc51c3294be76f2b03f701458e6929efc0ac30f5cc9b11f90/OpenCC-1.1.9-cp310-cp310-win_amd64.whl", hash = "sha256:84e35e5ecfad445a64c0dcd6567d9e9f3a6aed9a6ffd89cdbc071f36cb9e089e", size = 1755152 },
    { url = "https://files.pythonhosted.org/packages/64/89/91796feec4bbfd7539a0f773f2c9bc83c0138bcb585d94114099bcfa7bf6/OpenCC-1.1.9-cp311-cp311-macosx_10_9_x86_64.whl", hash = "sha256:3fb7c84f7c182cb5208e7bc1c104b817a3ca1a8fe111d4d19816be0d6e1ab396", size = 1482997 },
    { url = "https://files.pythonhosted.org/packages/bb/07/4eef5a5c43221470af3a9e12fce024c5b9451618c4307c7980c2d6e298b3/OpenCC-1.1.9-cp311-cp311-manylinux2014_x86_64.whl", hash = "sha256:64994c68796d93cdba42f37e0c073fb8ed6f9d6707232be0ba84f24dc5a36bbb", size = 1654464 },
    { url = "https://files.pythonhosted.org/packages/b1/51/b77472e225a2055cb21ab308cabb957e4ec83d2bf427267362c5cb98dacc/OpenCC-1.1.9-cp311-cp311-win_amd64.whl", hash = "sha256:9f6a1413ca2ff490e65a55822e4cae8c3f104bfab46355288de4893a14470fbb", size = 1756305 },
    { url = "https://files.pythonhosted.org/packages/8c/58/d1f270e9d329d4f4f7c1963f9700aa9c9d6f0c5042c641005da6369b4c8e/OpenCC-1.1.9-cp312-cp312-macosx_10_9_x86_64.whl", hash = "sha256:48bc3e37942b91a9cf51f525631792f79378e5332bdba9e10c05f6e7fe9036ca", size = 1482516 },
    { url = "https://files.pythonhosted.org/packages/23/f0/ddd3522a142ebb66b30c7d30509de940979c2fb30a9edbf417fdfc37278d/OpenCC-1.1.9-cp312-cp312-manylinux2014_x86_64.whl", hash = "sha256:1c5d1489bdaf9dc2865f0ea30eb565093253e73c1868d9c19554c8a044b545d4", size = 1653167 },
    { url = "https://files.pythonhosted.org/packages/2c/67/fb4fb43c1502fd9f14646211d9643ef67e8123455e176af6668265d2f875/OpenCC-1.1.9-cp312-cp312-win_amd64.whl", hash = "sha256:64f8d22c8505b65e8ee2d6e73241cbc92785d38b3c93885b423d7c4fcd31c679", size = 1756337 },
    { url = "https://files.pythonhosted.org/packages/12/95/7ad360f2d1baa498bceb329c7ab92829409893b2c60f1844b75d2c32b406/OpenCC-1.1.9-cp38-cp38-macosx_10_9_x86_64.whl", hash = "sha256:f4267b66ed6e656b5d8199f94e9673950ac39d49ebaf0e7927330801f06f038f", size = 1481399 },
    { url = "https://files.pythonhosted.org/packages/ea/e4/3076b834fa58e6b946b25f0e7079d343776f6c5ab6312a2d722090dce207/OpenCC-1.1.9-cp38-cp38-manylinux2014_x86_64.whl", hash = "sha256:c6d5f9756ed08e67de36c53dc4d8f0bdc72889d6f57a8fc4d8b073d99c58d4dc", size = 1653117 },
    { url = "https://files.pythonhosted.org/packages/7e/a7/5338e680e7f8e1372d042c4e948bc98c922b64b7637835ca91e1db404465/OpenCC-1.1.9-cp38-cp38-win_amd64.whl", hash = "sha256:a6c2650bd3d6a9e3c31fc2057e0f36122c9507af1661627542f618c97d420293", size = 1755737 },
    { url = "https://files.pythonhosted.org/packages/d0/d1/561ff2934cefdd61367d5f1c8fade111e943a2636526aac72155815b74db/OpenCC-1.1.9-cp39-cp39-macosx_10_9_x86_64.whl", hash = "sha256:4d66473405c2e360ef346fe1625f201f3f3c4adbb16d5c1c7749a150ae42d875", size = 1481579 },
    { url = "https://files.pythonhosted.org/packages/3d/24/6db1dcee505f0a35974bcfb67e199198081b594358ed54af51c2109d1b6f/OpenCC-1.1.9-cp39-cp39-manylinux2014_x86_64.whl", hash = "sha256:436c43e0855b4f9c9e4fd1191e8ac638e9d9f2c7e2d5753952e6e31aa231d36c", size = 1653349 },
    { url = "https://files.pythonhosted.org/packages/57/83/96c2133a6c2b7b2dd441e1e76a7087e02d9a40c83a90aec817fe26fc1c00/OpenCC-1.1.9-cp39-cp39-win_amd64.whl", hash = "sha256:b4c36d6974afd94b444ad5ad17364f40d228092ce89b86e46653f7ff38075201", size = 1755812 },
]
